
Microsoft Visual Studio Solution File, Format Version 12.00
# Visual Studio 14
VisualStudioVersion = 14.0.25420.1
MinimumVisualStudioVersion = 10.0.40219.1
Project("{FAE04EC0-301F-11D3-BF4B-00C04F79EFBC}") = "E2-Clase", "E2-Clase\E2-Clase.csproj", "{4492ACFA-88D3-4BF3-85EF-4BAFEE7E70A9}"
EndProject
Project("{FAE04EC0-301F-11D3-BF4B-00C04F79EFBC}") = "E2-ClasesPruebaUnit", "E2-ClasesPruebaUnit\E2-ClasesPruebaUnit.csproj", "{590E5081-C8AB-40BB-BC02-79E808B12DED}"
EndProject
Global
	GlobalSection(SolutionConfigurationPlatforms) = preSolution
		Debug|Any CPU = Debug|Any CPU
		Release|Any CPU = Release|Any CPU
	EndGlobalSection
	GlobalSection(ProjectConfigurationPlatforms) = postSolution
		{4492ACFA-88D3-4BF3-85EF-4BAFEE7E70A9}.Debug|Any CPU.ActiveCfg = Debug|Any CPU
		{4492ACFA-88D3-4BF3-85EF-4BAFEE7E70A9}.Debug|Any CPU.Build.0 = Debug|Any CPU
		{4492ACFA-88D3-4BF3-85EF-4BAFEE7E70A9}.Release|Any CPU.ActiveCfg = Release|Any CPU
		{4492ACFA-88D3-4BF3-85EF-4BAFEE7E70A9}.Release|Any CPU.Build.0 = Release|Any CPU
		{590E5081-C8AB-40BB-BC02-79E808B12DED}.Debug|Any CPU.ActiveCfg = Debug|Any CPU
		{590E5081-C8AB-40BB-BC02-79E808B12DED}.Debug|Any CPU.Build.0 = Debug|Any CPU
		{590E5081-C8AB-40BB-BC02-79E808B12DED}.Release|Any CPU.ActiveCfg = Release|Any CPU
		{590E5081-C8AB-40BB-BC02-79E808B12DED}.Release|Any CPU.Build.0 = Release|Any CPU
	EndGlobalSection
	GlobalSection(SolutionProperties) = preSolution
		HideSolutionNode = FALSE
	EndGlobalSection
EndGlobal
